
Microsoft Visual Studio Solution File, Format Version 12.00
# Visual Studio Version 17
VisualStudioVersion = 17.3.32922.545
MinimumVisualStudioVersion = 10.0.40219.1
Project("{6EC3EE1D-3C4E-46DD-8F32-0CC8E7565705}") = "KD.ResourcePool", "KD.ResourcePool\KD.ResourcePool.fsproj", "{F7CC4766-A1EF-43B1-84CA-D2BCA7255FE8}"
EndProject
Global
	GlobalSection(SolutionConfigurationPlatforms) = preSolution
		Debug|Any CPU = Debug|Any CPU
		Release|Any CPU = Release|Any CPU
	EndGlobalSection
	GlobalSection(ProjectConfigurationPlatforms) = postSolution
		{F7CC4766-A1EF-43B1-84CA-D2BCA7255FE8}.Debug|Any CPU.ActiveCfg = Debug|Any CPU
		{F7CC4766-A1EF-43B1-84CA-D2BCA7255FE8}.Debug|Any CPU.Build.0 = Debug|Any CPU
		{F7CC4766-A1EF-43B1-84CA-D2BCA7255FE8}.Release|Any CPU.ActiveCfg = Release|Any CPU
		{F7CC4766-A1EF-43B1-84CA-D2BCA7255FE8}.Release|Any CPU.Build.0 = Release|Any CPU
	EndGlobalSection
	GlobalSection(SolutionProperties) = preSolution
		HideSolutionNode = FALSE
	EndGlobalSection
	GlobalSection(ExtensibilityGlobals) = postSolution
		SolutionGuid = {A9F21F86-24F8-4887-A3F2-917EE688C431}
	EndGlobalSection
EndGlobal
